schema: '2.0'
stages:
  train:
    cmd: python scripts/train.py
    deps:
    - path: data/raw/dataset.csv
      hash: md5
      md5: 877fd9538a10b1af69ad4d0f81dcb50b
      size: 19978
    - path: scripts/train.py
      hash: md5
      md5: 81471f70cf974490cf3373fdaf7483d0
      size: 627
    outs:
    - path: metrics.json
      hash: md5
      md5: 44aa89fca9f8ba2c9ebb2d041c223011
      size: 19
    - path: models/model.pkl
      hash: md5
      md5: 889391742689986e34e78dd491bff785
      size: 1215
