schema: '2.0'
stages:
  train:
    cmd: python scripts/train.py
    deps:
    - path: data/raw/dataset.csv
      hash: md5
      md5: 6ac610bb9b40f3ecd0cc62929c49618d
      size: 20022
    - path: scripts/train.py
      hash: md5
      md5: 81471f70cf974490cf3373fdaf7483d0
      size: 627
    outs:
    - path: metrics.json
      hash: md5
      md5: b8fd9c65d101efc4af25d10aa17fa55a
      size: 19
    - path: models/model.pkl
      hash: md5
      md5: 4fd47634ccffc838f50dedfd35ea84bc
      size: 1215
